
Microsoft Visual Studio Solution File, Format Version 12.00
# Visual Studio Version 16
VisualStudioVersion = 16.0.31321.278
MinimumVisualStudioVersion = 10.0.40219.1
Project("{FAE04EC0-301F-11D3-BF4B-00C04F79EFBC}") = "SocialV", "SocialV\SocialV.csproj", "{FDE01BFB-C9F4-4B21-B9E9-F721EB2C3BB7}"
EndProject
Global
	GlobalSection(SolutionConfigurationPlatforms) = preSolution
		Debug|Any CPU = Debug|Any CPU
		Release|Any CPU = Release|Any CPU
	EndGlobalSection
	GlobalSection(ProjectConfigurationPlatforms) = postSolution
		{FDE01BFB-C9F4-4B21-B9E9-F721EB2C3BB7}.Debug|Any CPU.ActiveCfg = Debug|Any CPU
		{FDE01BFB-C9F4-4B21-B9E9-F721EB2C3BB7}.Debug|Any CPU.Build.0 = Debug|Any CPU
		{FDE01BFB-C9F4-4B21-B9E9-F721EB2C3BB7}.Release|Any CPU.ActiveCfg = Release|Any CPU
		{FDE01BFB-C9F4-4B21-B9E9-F721EB2C3BB7}.Release|Any CPU.Build.0 = Release|Any CPU
	EndGlobalSection
	GlobalSection(SolutionProperties) = preSolution
		HideSolutionNode = FALSE
	EndGlobalSection
	GlobalSection(ExtensibilityGlobals) = postSolution
		SolutionGuid = {4D374BB2-3F68-4037-8459-F8896AE8AF9E}
	EndGlobalSection
EndGlobal
